// !$*UTF8*$!
{
	archiveVersion = 1;
	classes = {
	};
	objectVersion = 51;
	objects = {

/* Begin PBXBuildFile section */
		69798C0222CC4A9400EB4E42 /* hello.grpc.swift in Sources */ = {isa = PBXBuildFile; fileRef = 69798C0022CC4A9400EB4E42 /* hello.grpc.swift */; };
		69798C0322CC4A9400EB4E42 /* hello.pb.swift in Sources */ = {isa = PBXBuildFile; fileRef = 69798C0122CC4A9400EB4E42 /* hello.pb.swift */; };
		69A20ADF22CF43220096CCC8 /* Golib.framework in Frameworks */ = {isa = PBXBuildFile; fileRef = 69A20ADE22CF43220096CCC8 /* Golib.framework */; };
		69CA0DED22CBA20700B748E0 /* AppDelegate.swift in Sources */ = {isa = PBXBuildFile; fileRef = 69CA0DEC22CBA20700B748E0 /* AppDelegate.swift */; };
		69CA0DEF22CBA20700B748E0 /* ViewController.swift in Sources */ = {isa = PBXBuildFile; fileRef = 69CA0DEE22CBA20700B748E0 /* ViewController.swift */; };
		69CA0DF222CBA20700B748E0 /* Main.storyboard in Resources */ = {isa = PBXBuildFile; fileRef = 69CA0DF022CBA20700B748E0 /* Main.storyboard */; };
		69CA0DF422CBA20800B748E0 /* Assets.xcassets in Resources */ = {isa = PBXBuildFile; fileRef = 69CA0DF322CBA20800B748E0 /* Assets.xcassets */; };
		69CA0DF722CBA20800B748E0 /* LaunchScreen.storyboard in Resources */ = {isa = PBXBuildFile; fileRef = 69CA0DF522CBA20800B748E0 /* LaunchScreen.storyboard */; };
		69CA0E0222CBA20800B748E0 /* iosDemoTests.swift in Sources */ = {isa = PBXBuildFile; fileRef = 69CA0E0122CBA20800B748E0 /* iosDemoTests.swift */; };
		69CA0E0D22CBA20800B748E0 /* iosDemoUITests.swift in Sources */ = {isa = PBXBuildFile; fileRef = 69CA0E0C22CBA20800B748E0 /* iosDemoUITests.swift */; };
		9A57395F8D897A708F2DCFC3 /* Pods_iosDemo.framework in Frameworks */ = {isa = PBXBuildFile; fileRef = 334300C2FEC79902AA7948A5 /* Pods_iosDemo.framework */; };
/* End PBXBuildFile section */

/* Begin PBXContainerItemProxy section */
		69CA0DFE22CBA20800B748E0 /* PBXContainerItemProxy */ = {
			isa = PBXContainerItemProxy;
			containerPortal = 69CA0DE122CBA20700B748E0 /* Project object */;
			proxyType = 1;
			remoteGlobalIDString = 69CA0DE822CBA20700B748E0;
			remoteInfo = iosDemo;
		};
		69CA0E0922CBA20800B748E0 /* PBXContainerItemProxy */ = {
			isa = PBXContainerItemProxy;
			containerPortal = 69CA0DE122CBA20700B748E0 /* Project object */;
			proxyType = 1;
			remoteGlobalIDString = 69CA0DE822CBA20700B748E0;
			remoteInfo = iosDemo;
		};
/* End PBXContainerItemProxy section */

/* Begin PBXFileReference section */
		334300C2FEC79902AA7948A5 /* Pods_iosDemo.framework */ = {isa = PBXFileReference; explicitFileType = wrapper.framework; includeInIndex = 0; path = Pods_iosDemo.framework; sourceTree = BUILT_PRODUCTS_DIR; };
		4C29E8AFBD375BD2780ABCD9 /* Pods-iosDemo.release.xcconfig */ = {isa = PBXFileReference; includeInIndex = 1; lastKnownFileType = text.xcconfig; name = "Pods-iosDemo.release.xcconfig"; path = "Target Support Files/Pods-iosDemo/Pods-iosDemo.release.xcconfig"; sourceTree = "<group>"; };
		69798C0022CC4A9400EB4E42 /* hello.grpc.swift */ = {isa = PBXFileReference; fileEncoding = 4; lastKnownFileType = sourcecode.swift; path = hello.grpc.swift; sourceTree = "<group>"; };
		69798C0122CC4A9400EB4E42 /* hello.pb.swift */ = {isa = PBXFileReference; fileEncoding = 4; lastKnownFileType = sourcecode.swift; path = hello.pb.swift; sourceTree = "<group>"; };
		69A20ADE22CF43220096CCC8 /* Golib.framework */ = {isa = PBXFileReference; lastKnownFileType = wrapper.framework; path = Golib.framework; sourceTree = "<group>"; };
		69CA0DE922CBA20700B748E0 /* iosDemo.app */ = {isa = PBXFileReference; explicitFileType = wrapper.application; includeInIndex = 0; path = iosDemo.app; sourceTree = BUILT_PRODUCTS_DIR; };
		69CA0DEC22CBA20700B748E0 /* AppDelegate.swift */ = {isa = PBXFileReference; lastKnownFileType = sourcecode.swift; path = AppDelegate.swift; sourceTree = "<group>"; };
		69CA0DEE22CBA20700B748E0 /* ViewController.swift */ = {isa = PBXFileReference; lastKnownFileType = sourcecode.swift; path = ViewController.swift; sourceTree = "<group>"; };
		69CA0DF122CBA20700B748E0 /* Base */ = {isa = PBXFileReference; lastKnownFileType = file.storyboard; name = Base; path = Base.lproj/Main.storyboard; sourceTree = "<group>"; };
		69CA0DF322CBA20800B748E0 /* Assets.xcassets */ = {isa = PBXFileReference; lastKnownFileType = folder.assetcatalog; path = Assets.xcassets; sourceTree = "<group>"; };
		69CA0DF622CBA20800B748E0 /* Base */ = {isa = PBXFileReference; lastKnownFileType = file.storyboard; name = Base; path = Base.lproj/LaunchScreen.storyboard; sourceTree = "<group>"; };
		69CA0DF822CBA20800B748E0 /* Info.plist */ = {isa = PBXFileReference; lastKnownFileType = text.plist.xml; path = Info.plist; sourceTree = "<group>"; };
		69CA0DFD22CBA20800B748E0 /* iosDemoTests.xctest */ = {isa = PBXFileReference; explicitFileType = wrapper.cfbundle; includeInIndex = 0; path = iosDemoTests.xctest; sourceTree = BUILT_PRODUCTS_DIR; };
		69CA0E0122CBA20800B748E0 /* iosDemoTests.swift */ = {isa = PBXFileReference; lastKnownFileType = sourcecode.swift; path = iosDemoTests.swift; sourceTree = "<group>"; };
		69CA0E0322CBA20800B748E0 /* Info.plist */ = {isa = PBXFileReference; lastKnownFileType = text.plist.xml; path = Info.plist; sourceTree = "<group>"; };
		69CA0E0822CBA20800B748E0 /* iosDemoUITests.xctest */ = {isa = PBXFileReference; explicitFileType = wrapper.cfbundle; includeInIndex = 0; path = iosDemoUITests.xctest; sourceTree = BUILT_PRODUCTS_DIR; };
		69CA0E0C22CBA20800B748E0 /* iosDemoUITests.swift */ = {isa = PBXFileReference; lastKnownFileType = sourcecode.swift; path = iosDemoUITests.swift; sourceTree = "<group>"; };
		69CA0E0E22CBA20800B748E0 /* Info.plist */ = {isa = PBXFileReference; lastKnownFileType = text.plist.xml; path = Info.plist; sourceTree = "<group>"; };
		E29842C6C16B48E963389D49 /* Pods-iosDemo.debug.xcconfig */ = {isa = PBXFileReference; includeInIndex = 1; lastKnownFileType = text.xcconfig; name = "Pods-iosDemo.debug.xcconfig"; path = "Target Support Files/Pods-iosDemo/Pods-iosDemo.debug.xcconfig"; sourceTree = "<group>"; };
/* End PBXFileReference section */

/* Begin PBXFrameworksBuildPhase section */
		69CA0DE622CBA20700B748E0 /* Frameworks */ = {
			isa = PBXFrameworksBuildPhase;
			buildActionMask = 2147483647;
			files = (
				69A20ADF22CF43220096CCC8 /* Golib.framework in Frameworks */,
				9A57395F8D897A708F2DCFC3 /* Pods_iosDemo.framework in Frameworks */,
			);
			runOnlyForDeploymentPostprocessing = 0;
		};
		69CA0DFA22CBA20800B748E0 /* Frameworks */ = {
			isa = PBXFrameworksBuildPhase;
			buildActionMask = 2147483647;
			files = (
			);
			runOnlyForDeploymentPostprocessing = 0;
		};
		69CA0E0522CBA20800B748E0 /* Frameworks */ = {
			isa = PBXFrameworksBuildPhase;
			buildActionMask = 2147483647;
			files = (
			);
			runOnlyForDeploymentPostprocessing = 0;
		};
/* End PBXFrameworksBuildPhase section */

/* Begin PBXGroup section */
		05F11A60C030887D82F75585 /* Frameworks */ = {
			isa = PBXGroup;
			children = (
				334300C2FEC79902AA7948A5 /* Pods_iosDemo.framework */,
			);
			name = Frameworks;
			sourceTree = "<group>";
		};
		69CA0DE022CBA20700B748E0 = {
			isa = PBXGroup;
			children = (
				69A20ADE22CF43220096CCC8 /* Golib.framework */,
				69CA0DEB22CBA20700B748E0 /* iosDemo */,
				69CA0E0022CBA20800B748E0 /* iosDemoTests */,
				69CA0E0B22CBA20800B748E0 /* iosDemoUITests */,
				69CA0DEA22CBA20700B748E0 /* Products */,
				DB0DDEF85AEF3F04420A749D /* Pods */,
				05F11A60C030887D82F75585 /* Frameworks */,
			);
			sourceTree = "<group>";
		};
		69CA0DEA22CBA20700B748E0 /* Products */ = {
			isa = PBXGroup;
			children = (
				69CA0DE922CBA20700B748E0 /* iosDemo.app */,
				69CA0DFD22CBA20800B748E0 /* iosDemoTests.xctest */,
				69CA0E0822CBA20800B748E0 /* iosDemoUITests.xctest */,
			);
			name = Products;
			sourceTree = "<group>";
		};
		69CA0DEB22CBA20700B748E0 /* iosDemo */ = {
			isa = PBXGroup;
			children = (
				69CA0DEC22CBA20700B748E0 /* AppDelegate.swift */,
				69CA0DEE22CBA20700B748E0 /* ViewController.swift */,
				69798C0022CC4A9400EB4E42 /* hello.grpc.swift */,
				69798C0122CC4A9400EB4E42 /* hello.pb.swift */,
				69CA0DF022CBA20700B748E0 /* Main.storyboard */,
				69CA0DF322CBA20800B748E0 /* Assets.xcassets */,
				69CA0DF522CBA20800B748E0 /* LaunchScreen.storyboard */,
				69CA0DF822CBA20800B748E0 /* Info.plist */,
			);
			path = iosDemo;
			sourceTree = "<group>";
		};
		69CA0E0022CBA20800B748E0 /* iosDemoTests */ = {
			isa = PBXGroup;
			children = (
				69CA0E0122CBA20800B748E0 /* iosDemoTests.swift */,
				69CA0E0322CBA20800B748E0 /* Info.plist */,
			);
			path = iosDemoTests;
			sourceTree = "<group>";
		};
		69CA0E0B22CBA20800B748E0 /* iosDemoUITests */ = {
			isa = PBXGroup;
			children = (
				69CA0E0C22CBA20800B748E0 /* iosDemoUITests.swift */,
				69CA0E0E22CBA20800B748E0 /* Info.plist */,
			);
			path = iosDemoUITests;
			sourceTree = "<group>";
		};
		DB0DDEF85AEF3F04420A749D /* Pods */ = {
			isa = PBXGroup;
			children = (
				E29842C6C16B48E963389D49 /* Pods-iosDemo.debug.xcconfig */,
				4C29E8AFBD375BD2780ABCD9 /* Pods-iosDemo.release.xcconfig */,
			);
			path = Pods;
			sourceTree = "<group>";
		};
/* End PBXGroup section */

/* Begin PBXNativeTarget section */
		69CA0DE822CBA20700B748E0 /* iosDemo */ = {
			isa = PBXNativeTarget;
			buildConfigurationList = 69CA0E1122CBA20800B748E0 /* Build configuration list for PBXNativeTarget "iosDemo" */;
			buildPhases = (
				18FFA6D996CE11D0FA929E9E /* [CP] Check Pods Manifest.lock */,
				69CA0DE522CBA20700B748E0 /* Sources */,
				69CA0DE622CBA20700B748E0 /* Frameworks */,
				69CA0DE722CBA20700B748E0 /* Resources */,
				D9E62C8E4C940B604C994876 /* [CP] Embed Pods Frameworks */,
			);
			buildRules = (
			);
			dependencies = (
			);
			name = iosDemo;
			productName = iosDemo;
			productReference = 69CA0DE922CBA20700B748E0 /* iosDemo.app */;
			productType = "com.apple.product-type.application";
		};
		69CA0DFC22CBA20800B748E0 /* iosDemoTests */ = {
			isa = PBXNativeTarget;
			buildConfigurationList = 69CA0E1422CBA20800B748E0 /* Build configuration list for PBXNativeTarget "iosDemoTests" */;
			buildPhases = (
				69CA0DF922CBA20800B748E0 /* Sources */,
				69CA0DFA22CBA20800B748E0 /* Frameworks */,
				69CA0DFB22CBA20800B748E0 /* Resources */,
			);
			buildRules = (
			);
			dependencies = (
				69CA0DFF22CBA20800B748E0 /* PBXTargetDependency */,
			);
			name = iosDemoTests;
			productName = iosDemoTests;
			productReference = 69CA0DFD22CBA20800B748E0 /* iosDemoTests.xctest */;
			productType = "com.apple.product-type.bundle.unit-test";
		};
		69CA0E0722CBA20800B748E0 /* iosDemoUITests */ = {
			isa = PBXNativeTarget;
			buildConfigurationList = 69CA0E1722CBA20800B748E0 /* Build configuration list for PBXNativeTarget "iosDemoUITests" */;
			buildPhases = (
				69CA0E0422CBA20800B748E0 /* Sources */,
				69CA0E0522CBA20800B748E0 /* Frameworks */,
				69CA0E0622CBA20800B748E0 /* Resources */,
			);
			buildRules = (
			);
			dependencies = (
				69CA0E0A22CBA20800B748E0 /* PBXTargetDependency */,
			);
			name = iosDemoUITests;
			productName = iosDemoUITests;
			productReference = 69CA0E0822CBA20800B748E0 /* iosDemoUITests.xctest */;
			productType = "com.apple.product-type.bundle.ui-testing";
		};
/* End PBXNativeTarget section */

/* Begin PBXProject section */
		69CA0DE122CBA20700B748E0 /* Project object */ = {
			isa = PBXProject;
			attributes = {
				LastSwiftUpdateCheck = 1020;
				LastUpgradeCheck = 1020;
				ORGANIZATIONNAME = GitDiG;
				TargetAttributes = {
					69CA0DE822CBA20700B748E0 = {
						CreatedOnToolsVersion = 10.2.1;
						LastSwiftMigration = 1020;
					};
					69CA0DFC22CBA20800B748E0 = {
						CreatedOnToolsVersion = 10.2.1;
						TestTargetID = 69CA0DE822CBA20700B748E0;
					};
					69CA0E0722CBA20800B748E0 = {
						CreatedOnToolsVersion = 10.2.1;
						TestTargetID = 69CA0DE822CBA20700B748E0;
					};
				};
			};
			buildConfigurationList = 69CA0DE422CBA20700B748E0 /* Build configuration list for PBXProject "iosDemo" */;
			compatibilityVersion = "Xcode 9.3";
			developmentRegion = en;
			hasScannedForEncodings = 0;
			knownRegions = (
				en,
				Base,
			);
			mainGroup = 69CA0DE022CBA20700B748E0;
			productRefGroup = 69CA0DEA22CBA20700B748E0 /* Products */;
			projectDirPath = "";
			projectRoot = "";
			targets = (
				69CA0DE822CBA20700B748E0 /* iosDemo */,
				69CA0DFC22CBA20800B748E0 /* iosDemoTests */,
				69CA0E0722CBA20800B748E0 /* iosDemoUITests */,
			);
		};
/* End PBXProject section */

/* Begin PBXResourcesBuildPhase section */
		69CA0DE722CBA20700B748E0 /* Resources */ = {
			isa = PBXResourcesBuildPhase;
			buildActionMask = 2147483647;
			files = (
				69CA0DF722CBA20800B748E0 /* LaunchScreen.storyboard in Resources */,
				69CA0DF422CBA20800B748E0 /* Assets.xcassets in Resources */,
				69CA0DF222CBA20700B748E0 /* Main.storyboard in Resources */,
			);
			runOnlyForDeploymentPostprocessing = 0;
		};
		69CA0DFB22CBA20800B748E0 /* Resources */ = {
			isa = PBXResourcesBuildPhase;
			buildActionMask = 2147483647;
			files = (
			);
			runOnlyForDeploymentPostprocessing = 0;
		};
		69CA0E0622CBA20800B748E0 /* Resources */ = {
			isa = PBXResourcesBuildPhase;
			buildActionMask = 2147483647;
			files = (
			);
			runOnlyForDeploymentPostprocessing = 0;
		};
/* End PBXResourcesBuildPhase section */

/* Begin PBXShellScriptBuildPhase section */
		18FFA6D996CE11D0FA929E9E /* [CP] Check Pods Manifest.lock */ = {
			isa = PBXShellScriptBuildPhase;
			buildActionMask = 2147483647;
			files = (
			);
			inputFileListPaths = (
			);
			inputPaths = (
				"${PODS_PODFILE_DIR_PATH}/Podfile.lock",
				"${PODS_ROOT}/Manifest.lock",
			);
			name = "[CP] Check Pods Manifest.lock";
			outputFileListPaths = (
			);
			outputPaths = (
				"$(DERIVED_FILE_DIR)/Pods-iosDemo-checkManifestLockResult.txt",
			);
			runOnlyForDeploymentPostprocessing = 0;
			shellPath = /bin/sh;
			shellScript = "diff \"${PODS_PODFILE_DIR_PATH}/Podfile.lock\" \"${PODS_ROOT}/Manifest.lock\" > /dev/null\nif [ $? != 0 ] ; then\n    # print error to STDERR\n    echo \"error: The sandbox is not in sync with the Podfile.lock. Run 'pod install' or update your CocoaPods installation.\" >&2\n    exit 1\nfi\n# This output is used by Xcode 'outputs' to avoid re-running this script phase.\necho \"SUCCESS\" > \"${SCRIPT_OUTPUT_FILE_0}\"\n";
			showEnvVarsInLog = 0;
		};
		D9E62C8E4C940B604C994876 /* [CP] Embed Pods Frameworks */ = {
			isa = PBXShellScriptBuildPhase;
			buildActionMask = 2147483647;
			files = (
			);
			inputFileListPaths = (
				"${PODS_ROOT}/Target Support Files/Pods-iosDemo/Pods-iosDemo-frameworks-${CONFIGURATION}-input-files.xcfilelist",
			);
			name = "[CP] Embed Pods Frameworks";
			outputFileListPaths = (
				"${PODS_ROOT}/Target Support Files/Pods-iosDemo/Pods-iosDemo-frameworks-${CONFIGURATION}-output-files.xcfilelist",
			);
			runOnlyForDeploymentPostprocessing = 0;
			shellPath = /bin/sh;
			shellScript = "\"${PODS_ROOT}/Target Support Files/Pods-iosDemo/Pods-iosDemo-frameworks.sh\"\n";
			showEnvVarsInLog = 0;
		};
/* End PBXShellScriptBuildPhase section */

/* Begin PBXSourcesBuildPhase section */
		69CA0DE522CBA20700B748E0 /* Sources */ = {
			isa = PBXSourcesBuildPhase;
			buildActionMask = 2147483647;
			files = (
				69798C0222CC4A9400EB4E42 /* hello.grpc.swift in Sources */,
				69798C0322CC4A9400EB4E42 /* hello.pb.swift in Sources */,
				69CA0DEF22CBA20700B748E0 /* ViewController.swift in Sources */,
				69CA0DED22CBA20700B748E0 /* AppDelegate.swift in Sources */,
			);
			runOnlyForDeploymentPostprocessing = 0;
		};
		69CA0DF922CBA20800B748E0 /* Sources */ = {
			isa = PBXSourcesBuildPhase;
			buildActionMask = 2147483647;
			files = (
				69CA0E0222CBA20800B748E0 /* iosDemoTests.swift in Sources */,
			);
			runOnlyForDeploymentPostprocessing = 0;
		};
		69CA0E0422CBA20800B748E0 /* Sources */ = {
			isa = PBXSourcesBuildPhase;
			buildActionMask = 2147483647;
			files = (
				69CA0E0D22CBA20800B748E0 /* iosDemoUITests.swift in Sources */,
			);
			runOnlyForDeploymentPostprocessing = 0;
		};
/* End PBXSourcesBuildPhase section */

/* Begin PBXTargetDependency section */
		69CA0DFF22CBA20800B748E0 /* PBXTargetDependency */ = {
			isa = PBXTargetDependency;
			target = 69CA0DE822CBA20700B748E0 /* iosDemo */;
			targetProxy = 69CA0DFE22CBA20800B748E0 /* PBXContainerItemProxy */;
		};
		69CA0E0A22CBA20800B748E0 /* PBXTargetDependency */ = {
			isa = PBXTargetDependency;
			target = 69CA0DE822CBA20700B748E0 /* iosDemo */;
			targetProxy = 69CA0E0922CBA20800B748E0 /* PBXContainerItemProxy */;
		};
/* End PBXTargetDependency section */

/* Begin PBXVariantGroup section */
		69CA0DF022CBA20700B748E0 /* Main.storyboard */ = {
			isa = PBXVariantGroup;
			children = (
				69CA0DF122CBA20700B748E0 /* Base */,
			);
			name = Main.storyboard;
			sourceTree = "<group>";
		};
		69CA0DF522CBA20800B748E0 /* LaunchScreen.storyboard */ = {
			isa = PBXVariantGroup;
			children = (
				69CA0DF622CBA20800B748E0 /* Base */,
			);
			name = LaunchScreen.storyboard;
			sourceTree = "<group>";
		};
/* End PBXVariantGroup section */

/* Begin XCBuildConfiguration section */
		69CA0E0F22CBA20800B748E0 /* Debug */ = {
			isa = XCBuildConfiguration;
			buildSettings = {
				ALWAYS_SEARCH_USER_PATHS = NO;
				CLANG_ANALYZER_NONNULL = YES;
				CLANG_ANALYZER_NUMBER_OBJECT_CONVERSION = YES_AGGRESSIVE;
				CLANG_CXX_LANGUAGE_STANDARD = "gnu++14";
				CLANG_CXX_LIBRARY = "libc++";
				CLANG_ENABLE_MODULES = YES;
				CLANG_ENABLE_OBJC_ARC = YES;
				CLANG_ENABLE_OBJC_WEAK = YES;
				CLANG_WARN_BLOCK_CAPTURE_AUTORELEASING = YES;
				CLANG_WARN_BOOL_CONVERSION = YES;
				CLANG_WARN_COMMA = YES;
				CLANG_WARN_CONSTANT_CONVERSION = YES;
				CLANG_WARN_DEPRECATED_OBJC_IMPLEMENTATIONS = YES;
				CLANG_WARN_DIRECT_OBJC_ISA_USAGE = YES_ERROR;
				CLANG_WARN_DOCUMENTATION_COMMENTS = YES;
				CLANG_WARN_EMPTY_BODY = YES;
				CLANG_WARN_ENUM_CONVERSION = YES;
				CLANG_WARN_INFINITE_RECURSION = YES;
				CLANG_WARN_INT_CONVERSION = YES;
				CLANG_WARN_NON_LITERAL_NULL_CONVERSION = YES;
				CLANG_WARN_OBJC_IMPLICIT_RETAIN_SELF = YES;
				CLANG_WARN_OBJC_LITERAL_CONVERSION = YES;
				CLANG_WARN_OBJC_ROOT_CLASS = YES_ERROR;
				CLANG_WARN_RANGE_LOOP_ANALYSIS = YES;
				CLANG_WARN_STRICT_PROTOTYPES = YES;
				CLANG_WARN_SUSPICIOUS_MOVE = YES;
				CLANG_WARN_UNGUARDED_AVAILABILITY = YES_AGGRESSIVE;
				CLANG_WARN_UNREACHABLE_CODE = YES;
				CLANG_WARN__DUPLICATE_METHOD_MATCH = YES;
				CODE_SIGN_IDENTITY = "iPhone Developer";
				COPY_PHASE_STRIP = NO;
				DEBUG_INFORMATION_FORMAT = dwarf;
				ENABLE_STRICT_OBJC_MSGSEND = YES;
				ENABLE_TESTABILITY = YES;
				GCC_C_LANGUAGE_STANDARD = gnu11;
				GCC_DYNAMIC_NO_PIC = NO;
				GCC_NO_COMMON_BLOCKS = YES;
				GCC_OPTIMIZATION_LEVEL = 0;
				GCC_PREPROCESSOR_DEFINITIONS = (
					"DEBUG=1",
					"$(inherited)",
				);
				GCC_WARN_64_TO_32_BIT_CONVERSION = YES;
				GCC_WARN_ABOUT_RETURN_TYPE = YES_ERROR;
				GCC_WARN_UNDECLARED_SELECTOR = YES;
				GCC_WARN_UNINITIALIZED_AUTOS = YES_AGGRESSIVE;
				GCC_WARN_UNUSED_FUNCTION = YES;
				GCC_WARN_UNUSED_VARIABLE = YES;
				IPHONEOS_DEPLOYMENT_TARGET = 12.2;
				MTL_ENABLE_DEBUG_INFO = INCLUDE_SOURCE;
				MTL_FAST_MATH = YES;
				ONLY_ACTIVE_ARCH = YES;
				SDKROOT = iphoneos;
				SWIFT_ACTIVE_COMPILATION_CONDITIONS = DEBUG;
				SWIFT_OPTIMIZATION_LEVEL = "-Onone";
			};
			name = Debug;
		};
		69CA0E1022CBA20800B748E0 /* Release */ = {
			isa = XCBuildConfiguration;
			buildSettings = {
				ALWAYS_SEARCH_USER_PATHS = NO;
				CLANG_ANALYZER_NONNULL = YES;
				CLANG_ANALYZER_NUMBER_OBJECT_CONVERSION = YES_AGGRESSIVE;
				CLANG_CXX_LANGUAGE_STANDARD = "gnu++14";
				CLANG_CXX_LIBRARY = "libc++";
				CLANG_ENABLE_MODULES = YES;
				CLANG_ENABLE_OBJC_ARC = YES;
				CLANG_ENABLE_OBJC_WEAK = YES;
				CLANG_WARN_BLOCK_CAPTURE_AUTORELEASING = YES;
				CLANG_WARN_BOOL_CONVERSION = YES;
				CLANG_WARN_COMMA = YES;
				CLANG_WARN_CONSTANT_CONVERSION = YES;
				CLANG_WARN_DEPRECATED_OBJC_IMPLEMENTATIONS = YES;
				CLANG_WARN_DIRECT_OBJC_ISA_USAGE = YES_ERROR;
				CLANG_WARN_DOCUMENTATION_COMMENTS = YES;
				CLANG_WARN_EMPTY_BODY = YES;
				CLANG_WARN_ENUM_CONVERSION = YES;
				CLANG_WARN_INFINITE_RECURSION = YES;
				CLANG_WARN_INT_CONVERSION = YES;
				CLANG_WARN_NON_LITERAL_NULL_CONVERSION = YES;
				CLANG_WARN_OBJC_IMPLICIT_RETAIN_SELF = YES;
				CLANG_WARN_OBJC_LITERAL_CONVERSION = YES;
				CLANG_WARN_OBJC_ROOT_CLASS = YES_ERROR;
				CLANG_WARN_RANGE_LOOP_ANALYSIS = YES;
				CLANG_WARN_STRICT_PROTOTYPES = YES;
				CLANG_WARN_SUSPICIOUS_MOVE = YES;
				CLANG_WARN_UNGUARDED_AVAILABILITY = YES_AGGRESSIVE;
				CLANG_WARN_UNREACHABLE_CODE = YES;
				CLANG_WARN__DUPLICATE_METHOD_MATCH = YES;
				CODE_SIGN_IDENTITY = "iPhone Developer";
				COPY_PHASE_STRIP = NO;
				DEBUG_INFORMATION_FORMAT = "dwarf-with-dsym";
				ENABLE_NS_ASSERTIONS = NO;
				ENABLE_STRICT_OBJC_MSGSEND = YES;
				GCC_C_LANGUAGE_STANDARD = gnu11;
				GCC_NO_COMMON_BLOCKS = YES;
				GCC_WARN_64_TO_32_BIT_CONVERSION = YES;
				GCC_WARN_ABOUT_RETURN_TYPE = YES_ERROR;
				GCC_WARN_UNDECLARED_SELECTOR = YES;
				GCC_WARN_UNINITIALIZED_AUTOS = YES_AGGRESSIVE;
				GCC_WARN_UNUSED_FUNCTION = YES;
				GCC_WARN_UNUSED_VARIABLE = YES;
				IPHONEOS_DEPLOYMENT_TARGET = 12.2;
				MTL_ENABLE_DEBUG_INFO = NO;
				MTL_FAST_MATH = YES;
				SDKROOT = iphoneos;
				SWIFT_COMPILATION_MODE = wholemodule;
				SWIFT_OPTIMIZATION_LEVEL = "-O";
				VALIDATE_PRODUCT = YES;
			};
			name = Release;
		};
		69CA0E1222CBA20800B748E0 /* Debug */ = {
			isa = XCBuildConfiguration;
			baseConfigurationReference = E29842C6C16B48E963389D49 /* Pods-iosDemo.debug.xcconfig */;
			buildSettings = {
				ASSETCATALOG_COMPILER_APPICON_NAME = AppIcon;
				CLANG_ENABLE_MODULES = YES;
				CODE_SIGN_IDENTITY = "iPhone Developer";
				CODE_SIGN_STYLE = Automatic;
				DEVELOPMENT_TEAM = "";
				FRAMEWORK_SEARCH_PATHS = (
					"$(inherited)",
					"$(PROJECT_DIR)",
				);
				INFOPLIST_FILE = iosDemo/Info.plist;
				LD_RUNPATH_SEARCH_PATHS = (
					"$(inherited)",
					"@executable_path/Frameworks",
				);
				PRODUCT_BUNDLE_IDENTIFIER = com.GitDiG.iosDemo;
				PRODUCT_NAME = "$(TARGET_NAME)";
				PROVISIONING_PROFILE_SPECIFIER = "";
				SWIFT_OBJC_BRIDGING_HEADER = "";
				SWIFT_OPTIMIZATION_LEVEL = "-Onone";
				SWIFT_VERSION = 5.0;
				TARGETED_DEVICE_FAMILY = "1,2";
			};
			name = Debug;
		};
		69CA0E1322CBA20800B748E0 /* Release */ = {
			isa = XCBuildConfiguration;
			baseConfigurationReference = 4C29E8AFBD375BD2780ABCD9 /* Pods-iosDemo.release.xcconfig */;
			buildSettings = {
				ASSETCATALOG_COMPILER_APPICON_NAME = AppIcon;
				CLANG_ENABLE_MODULES = YES;
				CODE_SIGN_IDENTITY = "iPhone Developer";
				CODE_SIGN_STYLE = Automatic;
				DEVELOPMENT_TEAM = "";
				FRAMEWORK_SEARCH_PATHS = (
					"$(inherited)",
					"$(PROJECT_DIR)",
				);
				INFOPLIST_FILE = iosDemo/Info.plist;
				LD_RUNPATH_SEARCH_PATHS = (
					"$(inherited)",
					"@executable_path/Frameworks",
				);
				PRODUCT_BUNDLE_IDENTIFIER = com.GitDiG.iosDemo;
				PRODUCT_NAME = "$(TARGET_NAME)";
				PROVISIONING_PROFILE_SPECIFIER = "";
				SWIFT_OBJC_BRIDGING_HEADER = "";
				SWIFT_VERSION = 5.0;
				TARGETED_DEVICE_FAMILY = "1,2";
			};
			name = Release;
		};
		69CA0E1522CBA20800B748E0 /* Debug */ = {
			isa = XCBuildConfiguration;
			buildSettings = {
				ALWAYS_EMBED_SWIFT_STANDARD_LIBRARIES = YES;
				BUNDLE_LOADER = "$(TEST_HOST)";
				CODE_SIGN_STYLE = Automatic;
				INFOPLIST_FILE = iosDemoTests/Info.plist;
				LD_RUNPATH_SEARCH_PATHS = (
					"$(inherited)",
					"@executable_path/Frameworks",
					"@loader_path/Frameworks",
				);
				PRODUCT_BUNDLE_IDENTIFIER = com.GitDiG.iosDemoTests;
				PRODUCT_NAME = "$(TARGET_NAME)";
				SWIFT_VERSION = 5.0;
				TARGETED_DEVICE_FAMILY = "1,2";
				TEST_HOST = "$(BUILT_PRODUCTS_DIR)/iosDemo.app/iosDemo";
			};
			name = Debug;
		};
		69CA0E1622CBA20800B748E0 /* Release */ = {
			isa = XCBuildConfiguration;
			buildSettings = {
				ALWAYS_EMBED_SWIFT_STANDARD_LIBRARIES = YES;
				BUNDLE_LOADER = "$(TEST_HOST)";
				CODE_SIGN_STYLE = Automatic;
				INFOPLIST_FILE = iosDemoTests/Info.plist;
				LD_RUNPATH_SEARCH_PATHS = (
					"$(inherited)",
					"@executable_path/Frameworks",
					"@loader_path/Frameworks",
				);
				PRODUCT_BUNDLE_IDENTIFIER = com.GitDiG.iosDemoTests;
				PRODUCT_NAME = "$(TARGET_NAME)";
				SWIFT_VERSION = 5.0;
				TARGETED_DEVICE_FAMILY = "1,2";
				TEST_HOST = "$(BUILT_PRODUCTS_DIR)/iosDemo.app/iosDemo";
			};
			name = Release;
		};
		69CA0E1822CBA20800B748E0 /* Debug */ = {
			isa = XCBuildConfiguration;
			buildSettings = {
				ALWAYS_EMBED_SWIFT_STANDARD_LIBRARIES = YES;
				CODE_SIGN_STYLE = Automatic;
				INFOPLIST_FILE = iosDemoUITests/Info.plist;
				LD_RUNPATH_SEARCH_PATHS = (
					"$(inherited)",
					"@executable_path/Frameworks",
					"@loader_path/Frameworks",
				);
				PRODUCT_BUNDLE_IDENTIFIER = com.GitDiG.iosDemoUITests;
				PRODUCT_NAME = "$(TARGET_NAME)";
				SWIFT_VERSION = 5.0;
				TARGETED_DEVICE_FAMILY = "1,2";
				TEST_TARGET_NAME = iosDemo;
			};
			name = Debug;
		};
		69CA0E1922CBA20800B748E0 /* Release */ = {
			isa = XCBuildConfiguration;
			buildSettings = {
				ALWAYS_EMBED_SWIFT_STANDARD_LIBRARIES = YES;
				CODE_SIGN_STYLE = Automatic;
				INFOPLIST_FILE = iosDemoUITests/Info.plist;
				LD_RUNPATH_SEARCH_PATHS = (
					"$(inherited)",
					"@executable_path/Frameworks",
					"@loader_path/Frameworks",
				);
				PRODUCT_BUNDLE_IDENTIFIER = com.GitDiG.iosDemoUITests;
				PRODUCT_NAME = "$(TARGET_NAME)";
				SWIFT_VERSION = 5.0;
				TARGETED_DEVICE_FAMILY = "1,2";
				TEST_TARGET_NAME = iosDemo;
			};
			name = Release;
		};
/* End XCBuildConfiguration section */

/* Begin XCConfigurationList section */
		69CA0DE422CBA20700B748E0 /* Build configuration list for PBXProject "iosDemo" */ = {
			isa = XCConfigurationList;
			buildConfigurations = (
				69CA0E0F22CBA20800B748E0 /* Debug */,
				69CA0E1022CBA20800B748E0 /* Release */,
			);
			defaultConfigurationIsVisible = 0;
			defaultConfigurationName = Release;
		};
		69CA0E1122CBA20800B748E0 /* Build configuration list for PBXNativeTarget "iosDemo" */ = {
			isa = XCConfigurationList;
			buildConfigurations = (
				69CA0E1222CBA20800B748E0 /* Debug */,
				69CA0E1322CBA20800B748E0 /* Release */,
			);
			defaultConfigurationIsVisible = 0;
			defaultConfigurationName = Release;
		};
		69CA0E1422CBA20800B748E0 /* Build configuration list for PBXNativeTarget "iosDemoTests" */ = {
			isa = XCConfigurationList;
			buildConfigurations = (
				69CA0E1522CBA20800B748E0 /* Debug */,
				69CA0E1622CBA20800B748E0 /* Release */,
			);
			defaultConfigurationIsVisible = 0;
			defaultConfigurationName = Release;
		};
		69CA0E1722CBA20800B748E0 /* Build configuration list for PBXNativeTarget "iosDemoUITests" */ = {
			isa = XCConfigurationList;
			buildConfigurations = (
				69CA0E1822CBA20800B748E0 /* Debug */,
				69CA0E1922CBA20800B748E0 /* Release */,
			);
			defaultConfigurationIsVisible = 0;
			defaultConfigurationName = Release;
		};
/* End XCConfigurationList section */
	};
	rootObject = 69CA0DE122CBA20700B748E0 /* Project object */;
}
